github.com/cenkalti/dominantcolor v0.0.0-20171020061837-df772e8dd39e h1:5KS7rBZBuj4CrssHHg40+e15Myj2aA+V3tg7vfZBvE8=
github.com/cenkalti/dominantcolor v0.0.0-20171020061837-df772e8dd39e/go.mod h1:Bu/hFErJeI1/nnRDAnOiGytVqsnIgUd2s0b5ZKDPYws=
github.com/corona10/goimagehash v0.3.0 h1:5BsdGuh2WszGl1qwxBqKptGxm0PNxXyLVc7WukK6bJA=
github.com/corona10/goimagehash v0.3.0/go.mod h1:BQtzmQ2tNr04YeCPYBOiIWe/69WJF5IRGPLmzxvcAKg=
github.com/docopt/docopt-go v0.0.0-20180111231733-ee0de3bc6815 h1:bWDMxwH3px2JBh6AyO7hdCn/PkvCZXii8TGj7sbtEbQ=
github.com/docopt/docopt-go v0.0.0-20180111231733-ee0de3bc6815/go.mod h1:WwZ+bS3ebgob9U8Nd0kOddGdZWjyMGR8Wziv+TBNwSE=
github.com/gorilla/mux v1.7.0 h1:tOSd0UKHQd6urX6ApfOn4XdBMY6Sh1MfxV3kmaazO+U=
github.com/gorilla/mux v1.7.0/go.mod h1:1lud6UwP+6orDFRuTfBEV8e9/aOM/c4fVVCaMa2zaAs=
github.com/h2non/filetype v1.0.8 h1:le8gpf+FQA0/DlDABbtisA1KiTS0Xi+YSC/E8yY3Y14=
github.com/h2non/filetype v1.0.8/go.mod h1:isekKqOuhMj+s/7r3rIeTErIRy4Rub5uBWHfvMusLMU=
github.com/mpmlj/clarifai-client-go v0.0.0-20170712182824-213583be5040 h1:bGpNIeHMUYIkPSvKe58PueaYb0fakRtWeNc1a8vtcwU=
github.com/mpmlj/clarifai-client-go v0.0.0-20170712182824-213583be5040/go.mod h1:oaeWwEGUdbs+MgwfSAbZhwmU4XAnyz/jsnWh15u2cfA=
github.com/muesli/smartcrop v0.2.0 h1:HV/xtsW5sc5xuZY39sxJXtTBwoF8RUJzQNhwwZhyGjE=
github.com/muesli/smartcrop v0.2.0/go.mod h1:i2fCI/UorTfgEpPPLWiFBv4pye+YAG78RwcQLUkocpI=
github.com/nfnt/resize v0.0.0-20180221191011-83c6a9932646 h1:zYyBkD/k9seD2A7fsi6Oo2LfFZAehjjQMERAvZLEDnQ=
github.com/nfnt/resize v0.0.0-20180221191011-83c6a9932646/go.mod h1:jpp1/29i3P1S/RLdc7JQKbRpFeM1dOBd8T9ki5s+AY8=
github.com/rwcarlsen/goexif v0.0.0-20190107194617-b1fd11e07dc5 h1:MK7sdoepDiydfUr+eIT5ak4CL7L9EDybtAF3XXXTpgc=
github.com/rwcarlsen/goexif v0.0.0-20190107194617-b1fd11e07dc5/go.mod h1:hPqNNc0+uJM6H+SuU8sEs5K5IQeKccPqeSjfgcKGgPk=
github.com/urfave/negroni v1.0.0 h1:kIimOitoypq34K7TG7DUaJ9kq/N4Ofuwi1sjz0KipXc=
github.com/urfave/negroni v1.0.0/go.mod h1:Meg73S6kFm/4PpbYdq35yYWoCZ9mS/YSx+lKnmiohz4=
golang.org/x/image v0.0.0-20190227222117-0694c2d4d067 h1:KYGJGHOQy8oSi1fDlSpcZF0+juKwk/hEMv5SiwHogR0=
golang.org/x/image v0.0.0-20190227222117-0694c2d4d067/go.mod h1:kZ7UVZpmo3dzQBMxlp+ypCbDeSB+sBbTgSJuh5dn5js=
golang.org/x/text v0.3.0/go.mod h1:NqM8EUOU14njkJ3fqMW+pc6Ldnwhi/IjpwHt7yyuwOQ=
